
Microsoft Visual Studio Solution File, Format Version 12.00
# Visual Studio Version 17
VisualStudioVersion = 17.6.33829.357
MinimumVisualStudioVersion = 10.0.40219.1
Project("{9A19103F-16F7-4668-BE54-9A1E7A4F7556}") = "SiiTestBackEndDotNetCore", "SiiTestBackEndDotNetCore.csproj", "{ED08A655-1904-4685-8445-1D01ADA9C8BF}"
EndProject
Project("{9A19103F-16F7-4668-BE54-9A1E7A4F7556}") = "SiiTestDAL", "..\SiiTestDAL\SiiTestDAL.csproj", "{BA68015B-08D8-472E-9DA0-76F8306F049B}"
EndProject
Project("{9A19103F-16F7-4668-BE54-9A1E7A4F7556}") = "SiiTestBLL", "..\SiiTestBLL\SiiTestBLL.csproj", "{0E27E1A3-1BB2-4791-A381-9B72BF97AC35}"
EndProject
Project("{9A19103F-16F7-4668-BE54-9A1E7A4F7556}") = "SiiTestModel", "..\SiiTestModel\SiiTestModel.csproj", "{585439CB-C904-496B-8A05-D9756F50E5C5}"
EndProject
Project("{9A19103F-16F7-4668-BE54-9A1E7A4F7556}") = "SiiTestBackEndDotNetCore.Test", "..\SiiTestUnit\SiiTestBackEndDotNetCore.Test.csproj", "{6EE2A3BE-B667-47C9-92DA-CCE8486692D2}"
EndProject
Global
	GlobalSection(SolutionConfigurationPlatforms) = preSolution
		Debug|Any CPU = Debug|Any CPU
		Release|Any CPU = Release|Any CPU
	EndGlobalSection
	GlobalSection(ProjectConfigurationPlatforms) = postSolution
		{ED08A655-1904-4685-8445-1D01ADA9C8BF}.Debug|Any CPU.ActiveCfg = Debug|Any CPU
		{ED08A655-1904-4685-8445-1D01ADA9C8BF}.Debug|Any CPU.Build.0 = Debug|Any CPU
		{ED08A655-1904-4685-8445-1D01ADA9C8BF}.Release|Any CPU.ActiveCfg = Release|Any CPU
		{ED08A655-1904-4685-8445-1D01ADA9C8BF}.Release|Any CPU.Build.0 = Release|Any CPU
		{BA68015B-08D8-472E-9DA0-76F8306F049B}.Debug|Any CPU.ActiveCfg = Debug|Any CPU
		{BA68015B-08D8-472E-9DA0-76F8306F049B}.Debug|Any CPU.Build.0 = Debug|Any CPU
		{BA68015B-08D8-472E-9DA0-76F8306F049B}.Release|Any CPU.ActiveCfg = Release|Any CPU
		{BA68015B-08D8-472E-9DA0-76F8306F049B}.Release|Any CPU.Build.0 = Release|Any CPU
		{0E27E1A3-1BB2-4791-A381-9B72BF97AC35}.Debug|Any CPU.ActiveCfg = Debug|Any CPU
		{0E27E1A3-1BB2-4791-A381-9B72BF97AC35}.Debug|Any CPU.Build.0 = Debug|Any CPU
		{0E27E1A3-1BB2-4791-A381-9B72BF97AC35}.Release|Any CPU.ActiveCfg = Release|Any CPU
		{0E27E1A3-1BB2-4791-A381-9B72BF97AC35}.Release|Any CPU.Build.0 = Release|Any CPU
		{585439CB-C904-496B-8A05-D9756F50E5C5}.Debug|Any CPU.ActiveCfg = Debug|Any CPU
		{585439CB-C904-496B-8A05-D9756F50E5C5}.Debug|Any CPU.Build.0 = Debug|Any CPU
		{585439CB-C904-496B-8A05-D9756F50E5C5}.Release|Any CPU.ActiveCfg = Release|Any CPU
		{585439CB-C904-496B-8A05-D9756F50E5C5}.Release|Any CPU.Build.0 = Release|Any CPU
		{6EE2A3BE-B667-47C9-92DA-CCE8486692D2}.Debug|Any CPU.ActiveCfg = Debug|Any CPU
		{6EE2A3BE-B667-47C9-92DA-CCE8486692D2}.Debug|Any CPU.Build.0 = Debug|Any CPU
		{6EE2A3BE-B667-47C9-92DA-CCE8486692D2}.Release|Any CPU.ActiveCfg = Release|Any CPU
		{6EE2A3BE-B667-47C9-92DA-CCE8486692D2}.Release|Any CPU.Build.0 = Release|Any CPU
	EndGlobalSection
	GlobalSection(SolutionProperties) = preSolution
		HideSolutionNode = FALSE
	EndGlobalSection
	GlobalSection(ExtensibilityGlobals) = postSolution
		SolutionGuid = {A50AC24F-6390-4E4A-8F6F-FBD56E7C8AC6}
	EndGlobalSection
EndGlobal
